
Microsoft Visual Studio Solution File, Format Version 12.00
# Visual Studio Version 16
VisualStudioVersion = 16.0.29326.143
MinimumVisualStudioVersion = 10.0.40219.1
Project("{FAE04EC0-301F-11D3-BF4B-00C04F79EFBC}") = "VietMaxWatches", "VietMaxWatches\VietMaxWatches.csproj", "{658F90C6-3EBC-4111-A646-9AF2077D1C21}"
EndProject
Global
	GlobalSection(SolutionConfigurationPlatforms) = preSolution
		Debug|Any CPU = Debug|Any CPU
		Release|Any CPU = Release|Any CPU
	EndGlobalSection
	GlobalSection(ProjectConfigurationPlatforms) = postSolution
		{658F90C6-3EBC-4111-A646-9AF2077D1C21}.Debug|Any CPU.ActiveCfg = Debug|Any CPU
		{658F90C6-3EBC-4111-A646-9AF2077D1C21}.Debug|Any CPU.Build.0 = Debug|Any CPU
		{658F90C6-3EBC-4111-A646-9AF2077D1C21}.Release|Any CPU.ActiveCfg = Release|Any CPU
		{658F90C6-3EBC-4111-A646-9AF2077D1C21}.Release|Any CPU.Build.0 = Release|Any CPU
	EndGlobalSection
	GlobalSection(SolutionProperties) = preSolution
		HideSolutionNode = FALSE
	EndGlobalSection
	GlobalSection(ExtensibilityGlobals) = postSolution
		SolutionGuid = {73BD73C6-D018-48AD-AFDC-9A4B0042D673}
	EndGlobalSection
EndGlobal
